
Microsoft Visual Studio Solution File, Format Version 12.00
# Visual Studio Version 17
VisualStudioVersion = 17.14.36717.8 d17.14
MinimumVisualStudioVersion = 10.0.40219.1
Project("{FAE04EC0-301F-11D3-BF4B-00C04F79EFBC}") = "TestManagement", "TestManagement.csproj", "{F809283E-4433-4717-A65F-096ACA0AE07A}"
EndProject
Project("{FAE04EC0-301F-11D3-BF4B-00C04F79EFBC}") = "UserManagement", "..\UserManagement\UserManagement.csproj", "{840896FF-798D-4677-9455-97A3A3A488FA}"
EndProject
Global
	GlobalSection(SolutionConfigurationPlatforms) = preSolution
		Debug|Any CPU = Debug|Any CPU
		Release|Any CPU = Release|Any CPU
	EndGlobalSection
	GlobalSection(ProjectConfigurationPlatforms) = postSolution
		{F809283E-4433-4717-A65F-096ACA0AE07A}.Debug|Any CPU.ActiveCfg = Debug|Any CPU
		{F809283E-4433-4717-A65F-096ACA0AE07A}.Debug|Any CPU.Build.0 = Debug|Any CPU
		{F809283E-4433-4717-A65F-096ACA0AE07A}.Release|Any CPU.ActiveCfg = Release|Any CPU
		{F809283E-4433-4717-A65F-096ACA0AE07A}.Release|Any CPU.Build.0 = Release|Any CPU
		{840896FF-798D-4677-9455-97A3A3A488FA}.Debug|Any CPU.ActiveCfg = Debug|Any CPU
		{840896FF-798D-4677-9455-97A3A3A488FA}.Debug|Any CPU.Build.0 = Debug|Any CPU
		{840896FF-798D-4677-9455-97A3A3A488FA}.Release|Any CPU.ActiveCfg = Release|Any CPU
		{840896FF-798D-4677-9455-97A3A3A488FA}.Release|Any CPU.Build.0 = Release|Any CPU
	EndGlobalSection
	GlobalSection(SolutionProperties) = preSolution
		HideSolutionNode = FALSE
	EndGlobalSection
	GlobalSection(ExtensibilityGlobals) = postSolution
		SolutionGuid = {DB6B2FDE-03E8-4A50-A76D-644D953E8DD2}
	EndGlobalSection
EndGlobal
